// !$*UTF8*$!
{
	archiveVersion = 1;
	classes = {
	};
	objectVersion = 46;
	objects = {

/* Begin PBXBuildFile section */
		CCEC555819FCBF2B000CAB77 /* AppDelegate.swift in Sources */ = {isa = PBXBuildFile; fileRef = CCEC555719FCBF2B000CAB77 /* AppDelegate.swift */; };
		CCEC555A19FCBF2B000CAB77 /* ViewController.swift in Sources */ = {isa = PBXBuildFile; fileRef = CCEC555919FCBF2B000CAB77 /* ViewController.swift */; };
		CCEC555D19FCBF2B000CAB77 /* Main.storyboard in Resources */ = {isa = PBXBuildFile; fileRef = CCEC555B19FCBF2B000CAB77 /* Main.storyboard */; };
		CCEC555F19FCBF2B000CAB77 /* Images.xcassets in Resources */ = {isa = PBXBuildFile; fileRef = CCEC555E19FCBF2B000CAB77 /* Images.xcassets */; };
		CCEC556219FCBF2B000CAB77 /* LaunchScreen.xib in Resources */ = {isa = PBXBuildFile; fileRef = CCEC556019FCBF2B000CAB77 /* LaunchScreen.xib */; };
		CCEC556E19FCBF2B000CAB77 /* PostcardTests.swift in Sources */ = {isa = PBXBuildFile; fileRef = CCEC556D19FCBF2B000CAB77 /* PostcardTests.swift */; };
		CCEC557819FCC57E000CAB77 /* SagradaFamilia.jpeg in Resources */ = {isa = PBXBuildFile; fileRef = CCEC557719FCC57E000CAB77 /* SagradaFamilia.jpeg */; };
		CCEC557A19FCC7C2000CAB77 /* AlbertEinsteinStamp.jpg in Resources */ = {isa = PBXBuildFile; fileRef = CCEC557919FCC7C2000CAB77 /* AlbertEinsteinStamp.jpg */; };
/* End PBXBuildFile section */

/* Begin PBXContainerItemProxy section */
		CCEC556819FCBF2B000CAB77 /* PBXContainerItemProxy */ = {
			isa = PBXContainerItemProxy;
			containerPortal = CCEC554A19FCBF2A000CAB77 /* Project object */;
			proxyType = 1;
			remoteGlobalIDString = CCEC555119FCBF2B000CAB77;
			remoteInfo = Postcard;
		};
/* End PBXContainerItemProxy section */

/* Begin PBXFileReference section */
		CCEC555219FCBF2B000CAB77 /* Postcard.app */ = {isa = PBXFileReference; explicitFileType = wrapper.application; includeInIndex = 0; path = Postcard.app; sourceTree = BUILT_PRODUCTS_DIR; };
		CCEC555619FCBF2B000CAB77 /* Info.plist */ = {isa = PBXFileReference; lastKnownFileType = text.plist.xml; path = Info.plist; sourceTree = "<group>"; };
		CCEC555719FCBF2B000CAB77 /* AppDelegate.swift */ = {isa = PBXFileReference; lastKnownFileType = sourcecode.swift; path = AppDelegate.swift; sourceTree = "<group>"; };
		CCEC555919FCBF2B000CAB77 /* ViewController.swift */ = {isa = PBXFileReference; lastKnownFileType = sourcecode.swift; path = ViewController.swift; sourceTree = "<group>"; };
		CCEC555C19FCBF2B000CAB77 /* Base */ = {isa = PBXFileReference; lastKnownFileType = file.storyboard; name = Base; path = Base.lproj/Main.storyboard; sourceTree = "<group>"; };
		CCEC555E19FCBF2B000CAB77 /* Images.xcassets */ = {isa = PBXFileReference; lastKnownFileType = folder.assetcatalog; path = Images.xcassets; sourceTree = "<group>"; };
		CCEC556119FCBF2B000CAB77 /* Base */ = {isa = PBXFileReference; lastKnownFileType = file.xib; name = Base; path = Base.lproj/LaunchScreen.xib; sourceTree = "<group>"; };
		CCEC556719FCBF2B000CAB77 /* PostcardTests.xctest */ = {isa = PBXFileReference; explicitFileType = wrapper.cfbundle; includeInIndex = 0; path = PostcardTests.xctest; sourceTree = BUILT_PRODUCTS_DIR; };
		CCEC556C19FCBF2B000CAB77 /* Info.plist */ = {isa = PBXFileReference; lastKnownFileType = text.plist.xml; path = Info.plist; sourceTree = "<group>"; };
		CCEC556D19FCBF2B000CAB77 /* PostcardTests.swift */ = {isa = PBXFileReference; lastKnownFileType = sourcecode.swift; path = PostcardTests.swift; sourceTree = "<group>"; };
		CCEC557719FCC57E000CAB77 /* SagradaFamilia.jpeg */ = {isa = PBXFileReference; lastKnownFileType = image.jpeg; path = SagradaFamilia.jpeg; sourceTree = "<group>"; };
		CCEC557919FCC7C2000CAB77 /* AlbertEinsteinStamp.jpg */ = {isa = PBXFileReference; lastKnownFileType = image.jpeg; path = AlbertEinsteinStamp.jpg; sourceTree = "<group>"; };
/* End PBXFileReference section */

/* Begin PBXFrameworksBuildPhase section */
		CCEC554F19FCBF2B000CAB77 /* Frameworks */ = {
			isa = PBXFrameworksBuildPhase;
			buildActionMask = 2147483647;
			files = (
			);
			runOnlyForDeploymentPostprocessing = 0;
		};
		CCEC556419FCBF2B000CAB77 /* Frameworks */ = {
			isa = PBXFrameworksBuildPhase;
			buildActionMask = 2147483647;
			files = (
			);
			runOnlyForDeploymentPostprocessing = 0;
		};
/* End PBXFrameworksBuildPhase section */

/* Begin PBXGroup section */
		CCEC554919FCBF2A000CAB77 = {
			isa = PBXGroup;
			children = (
				CCEC555419FCBF2B000CAB77 /* Postcard */,
				CCEC556A19FCBF2B000CAB77 /* PostcardTests */,
				CCEC555319FCBF2B000CAB77 /* Products */,
			);
			sourceTree = "<group>";
		};
		CCEC555319FCBF2B000CAB77 /* Products */ = {
			isa = PBXGroup;
			children = (
				CCEC555219FCBF2B000CAB77 /* Postcard.app */,
				CCEC556719FCBF2B000CAB77 /* PostcardTests.xctest */,
			);
			name = Products;
			sourceTree = "<group>";
		};
		CCEC555419FCBF2B000CAB77 /* Postcard */ = {
			isa = PBXGroup;
			children = (
				CCEC555719FCBF2B000CAB77 /* AppDelegate.swift */,
				CCEC555919FCBF2B000CAB77 /* ViewController.swift */,
				CCEC555B19FCBF2B000CAB77 /* Main.storyboard */,
				CCEC555E19FCBF2B000CAB77 /* Images.xcassets */,
				CCEC556019FCBF2B000CAB77 /* LaunchScreen.xib */,
				CCEC555519FCBF2B000CAB77 /* Supporting Files */,
			);
			path = Postcard;
			sourceTree = "<group>";
		};
		CCEC555519FCBF2B000CAB77 /* Supporting Files */ = {
			isa = PBXGroup;
			children = (
				CCEC557919FCC7C2000CAB77 /* AlbertEinsteinStamp.jpg */,
				CCEC557719FCC57E000CAB77 /* SagradaFamilia.jpeg */,
				CCEC555619FCBF2B000CAB77 /* Info.plist */,
			);
			name = "Supporting Files";
			sourceTree = "<group>";
		};
		CCEC556A19FCBF2B000CAB77 /* PostcardTests */ = {
			isa = PBXGroup;
			children = (
				CCEC556D19FCBF2B000CAB77 /* PostcardTests.swift */,
				CCEC556B19FCBF2B000CAB77 /* Supporting Files */,
			);
			path = PostcardTests;
			sourceTree = "<group>";
		};
		CCEC556B19FCBF2B000CAB77 /* Supporting Files */ = {
			isa = PBXGroup;
			children = (
				CCEC556C19FCBF2B000CAB77 /* Info.plist */,
			);
			name = "Supporting Files";
			sourceTree = "<group>";
		};
/* End PBXGroup section */

/* Begin PBXNativeTarget section */
		CCEC555119FCBF2B000CAB77 /* Postcard */ = {
			isa = PBXNativeTarget;
			buildConfigurationList = CCEC557119FCBF2B000CAB77 /* Build configuration list for PBXNativeTarget "Postcard" */;
			buildPhases = (
				CCEC554E19FCBF2B000CAB77 /* Sources */,
				CCEC554F19FCBF2B000CAB77 /* Frameworks */,
				CCEC555019FCBF2B000CAB77 /* Resources */,
			);
			buildRules = (
			);
			dependencies = (
			);
			name = Postcard;
			productName = Postcard;
			productReference = CCEC555219FCBF2B000CAB77 /* Postcard.app */;
			productType = "com.apple.product-type.application";
		};
		CCEC556619FCBF2B000CAB77 /* PostcardTests */ = {
			isa = PBXNativeTarget;
			buildConfigurationList = CCEC557419FCBF2B000CAB77 /* Build configuration list for PBXNativeTarget "PostcardTests" */;
			buildPhases = (
				CCEC556319FCBF2B000CAB77 /* Sources */,
				CCEC556419FCBF2B000CAB77 /* Frameworks */,
				CCEC556519FCBF2B000CAB77 /* Resources */,
			);
			buildRules = (
			);
			dependencies = (
				CCEC556919FCBF2B000CAB77 /* PBXTargetDependency */,
			);
			name = PostcardTests;
			productName = PostcardTests;
			productReference = CCEC556719FCBF2B000CAB77 /* PostcardTests.xctest */;
			productType = "com.apple.product-type.bundle.unit-test";
		};
/* End PBXNativeTarget section */

/* Begin PBXProject section */
		CCEC554A19FCBF2A000CAB77 /* Project object */ = {
			isa = PBXProject;
			attributes = {
				LastUpgradeCheck = 0610;
				ORGANIZATIONNAME = "Brian Gress";
				TargetAttributes = {
					CCEC555119FCBF2B000CAB77 = {
						CreatedOnToolsVersion = 6.1;
					};
					CCEC556619FCBF2B000CAB77 = {
						CreatedOnToolsVersion = 6.1;
						TestTargetID = CCEC555119FCBF2B000CAB77;
					};
				};
			};
			buildConfigurationList = CCEC554D19FCBF2A000CAB77 /* Build configuration list for PBXProject "Postcard" */;
			compatibilityVersion = "Xcode 3.2";
			developmentRegion = English;
			hasScannedForEncodings = 0;
			knownRegions = (
				en,
				Base,
			);
			mainGroup = CCEC554919FCBF2A000CAB77;
			productRefGroup = CCEC555319FCBF2B000CAB77 /* Products */;
			projectDirPath = "";
			projectRoot = "";
			targets = (
				CCEC555119FCBF2B000CAB77 /* Postcard */,
				CCEC556619FCBF2B000CAB77 /* PostcardTests */,
			);
		};
/* End PBXProject section */

/* Begin PBXResourcesBuildPhase section */
		CCEC555019FCBF2B000CAB77 /* Resources */ = {
			isa = PBXResourcesBuildPhase;
			buildActionMask = 2147483647;
			files = (
				CCEC555D19FCBF2B000CAB77 /* Main.storyboard in Resources */,
				CCEC557819FCC57E000CAB77 /* SagradaFamilia.jpeg in Resources */,
				CCEC557A19FCC7C2000CAB77 /* AlbertEinsteinStamp.jpg in Resources */,
				CCEC556219FCBF2B000CAB77 /* LaunchScreen.xib in Resources */,
				CCEC555F19FCBF2B000CAB77 /* Images.xcassets in Resources */,
			);
			runOnlyForDeploymentPostprocessing = 0;
		};
		CCEC556519FCBF2B000CAB77 /* Resources */ = {
			isa = PBXResourcesBuildPhase;
			buildActionMask = 2147483647;
			files = (
			);
			runOnlyForDeploymentPostprocessing = 0;
		};
/* End PBXResourcesBuildPhase section */

/* Begin PBXSourcesBuildPhase section */
		CCEC554E19FCBF2B000CAB77 /* Sources */ = {
			isa = PBXSourcesBuildPhase;
			buildActionMask = 2147483647;
			files = (
				CCEC555A19FCBF2B000CAB77 /* ViewController.swift in Sources */,
				CCEC555819FCBF2B000CAB77 /* AppDelegate.swift in Sources */,
			);
			runOnlyForDeploymentPostprocessing = 0;
		};
		CCEC556319FCBF2B000CAB77 /* Sources */ = {
			isa = PBXSourcesBuildPhase;
			buildActionMask = 2147483647;
			files = (
				CCEC556E19FCBF2B000CAB77 /* PostcardTests.swift in Sources */,
			);
			runOnlyForDeploymentPostprocessing = 0;
		};
/* End PBXSourcesBuildPhase section */

/* Begin PBXTargetDependency section */
		CCEC556919FCBF2B000CAB77 /* PBXTargetDependency */ = {
			isa = PBXTargetDependency;
			target = CCEC555119FCBF2B000CAB77 /* Postcard */;
			targetProxy = CCEC556819FCBF2B000CAB77 /* PBXContainerItemProxy */;
		};
/* End PBXTargetDependency section */

/* Begin PBXVariantGroup section */
		CCEC555B19FCBF2B000CAB77 /* Main.storyboard */ = {
			isa = PBXVariantGroup;
			children = (
				CCEC555C19FCBF2B000CAB77 /* Base */,
			);
			name = Main.storyboard;
			sourceTree = "<group>";
		};
		CCEC556019FCBF2B000CAB77 /* LaunchScreen.xib */ = {
			isa = PBXVariantGroup;
			children = (
				CCEC556119FCBF2B000CAB77 /* Base */,
			);
			name = LaunchScreen.xib;
			sourceTree = "<group>";
		};
/* End PBXVariantGroup section */

/* Begin XCBuildConfiguration section */
		CCEC556F19FCBF2B000CAB77 /* Debug */ = {
			isa = XCBuildConfiguration;
			buildSettings = {
				ALWAYS_SEARCH_USER_PATHS = NO;
				CLANG_CXX_LANGUAGE_STANDARD = "gnu++0x";
				CLANG_CXX_LIBRARY = "libc++";
				CLANG_ENABLE_MODULES = YES;
				CLANG_ENABLE_OBJC_ARC = YES;
				CLANG_WARN_BOOL_CONVERSION = YES;
				CLANG_WARN_CONSTANT_CONVERSION = YES;
				CLANG_WARN_DIRECT_OBJC_ISA_USAGE = YES_ERROR;
				CLANG_WARN_EMPTY_BODY = YES;
				CLANG_WARN_ENUM_CONVERSION = YES;
				CLANG_WARN_INT_CONVERSION = YES;
				CLANG_WARN_OBJC_ROOT_CLASS = YES_ERROR;
				CLANG_WARN_UNREACHABLE_CODE = YES;
				CLANG_WARN__DUPLICATE_METHOD_MATCH = YES;
				"CODE_SIGN_IDENTITY[sdk=iphoneos*]" = "iPhone Developer";
				COPY_PHASE_STRIP = NO;
				ENABLE_STRICT_OBJC_MSGSEND = YES;
				GCC_C_LANGUAGE_STANDARD = gnu99;
				GCC_DYNAMIC_NO_PIC = NO;
				GCC_OPTIMIZATION_LEVEL = 0;
				GCC_PREPROCESSOR_DEFINITIONS = (
					"DEBUG=1",
					"$(inherited)",
				);
				GCC_SYMBOLS_PRIVATE_EXTERN = NO;
				GCC_WARN_64_TO_32_BIT_CONVERSION = YES;
				GCC_WARN_ABOUT_RETURN_TYPE = YES_ERROR;
				GCC_WARN_UNDECLARED_SELECTOR = YES;
				GCC_WARN_UNINITIALIZED_AUTOS = YES_AGGRESSIVE;
				GCC_WARN_UNUSED_FUNCTION = YES;
				GCC_WARN_UNUSED_VARIABLE = YES;
				IPHONEOS_DEPLOYMENT_TARGET = 8.1;
				MTL_ENABLE_DEBUG_INFO = YES;
				ONLY_ACTIVE_ARCH = YES;
				SDKROOT = iphoneos;
				SWIFT_OPTIMIZATION_LEVEL = "-Onone";
				TARGETED_DEVICE_FAMILY = "1,2";
			};
			name = Debug;
		};
		CCEC557019FCBF2B000CAB77 /* Release */ = {
			isa = XCBuildConfiguration;
			buildSettings = {
				ALWAYS_SEARCH_USER_PATHS = NO;
				CLANG_CXX_LANGUAGE_STANDARD = "gnu++0x";
				CLANG_CXX_LIBRARY = "libc++";
				CLANG_ENABLE_MODULES = YES;
				CLANG_ENABLE_OBJC_ARC = YES;
				CLANG_WARN_BOOL_CONVERSION = YES;
				CLANG_WARN_CONSTANT_CONVERSION = YES;
				CLANG_WARN_DIRECT_OBJC_ISA_USAGE = YES_ERROR;
				CLANG_WARN_EMPTY_BODY = YES;
				CLANG_WARN_ENUM_CONVERSION = YES;
				CLANG_WARN_INT_CONVERSION = YES;
				CLANG_WARN_OBJC_ROOT_CLASS = YES_ERROR;
				CLANG_WARN_UNREACHABLE_CODE = YES;
				CLANG_WARN__DUPLICATE_METHOD_MATCH = YES;
				"CODE_SIGN_IDENTITY[sdk=iphoneos*]" = "iPhone Developer";
				COPY_PHASE_STRIP = YES;
				ENABLE_NS_ASSERTIONS = NO;
				ENABLE_STRICT_OBJC_MSGSEND = YES;
				GCC_C_LANGUAGE_STANDARD = gnu99;
				GCC_WARN_64_TO_32_BIT_CONVERSION = YES;
				GCC_WARN_ABOUT_RETURN_TYPE = YES_ERROR;
				GCC_WARN_UNDECLARED_SELECTOR = YES;
				GCC_WARN_UNINITIALIZED_AUTOS = YES_AGGRESSIVE;
				GCC_WARN_UNUSED_FUNCTION = YES;
				GCC_WARN_UNUSED_VARIABLE = YES;
				IPHONEOS_DEPLOYMENT_TARGET = 8.1;
				MTL_ENABLE_DEBUG_INFO = NO;
				SDKROOT = iphoneos;
				TARGETED_DEVICE_FAMILY = "1,2";
				VALIDATE_PRODUCT = YES;
			};
			name = Release;
		};
		CCEC557219FCBF2B000CAB77 /* Debug */ = {
			isa = XCBuildConfiguration;
			buildSettings = {
				ASSETCATALOG_COMPILER_APPICON_NAME = AppIcon;
				INFOPLIST_FILE = Postcard/Info.plist;
				LD_RUNPATH_SEARCH_PATHS = "$(inherited) @executable_path/Frameworks";
				PRODUCT_NAME = "$(TARGET_NAME)";
			};
			name = Debug;
		};
		CCEC557319FCBF2B000CAB77 /* Release */ = {
			isa = XCBuildConfiguration;
			buildSettings = {
				ASSETCATALOG_COMPILER_APPICON_NAME = AppIcon;
				INFOPLIST_FILE = Postcard/Info.plist;
				LD_RUNPATH_SEARCH_PATHS = "$(inherited) @executable_path/Frameworks";
				PRODUCT_NAME = "$(TARGET_NAME)";
			};
			name = Release;
		};
		CCEC557519FCBF2B000CAB77 /* Debug */ = {
			isa = XCBuildConfiguration;
			buildSettings = {
				BUNDLE_LOADER = "$(TEST_HOST)";
				FRAMEWORK_SEARCH_PATHS = (
					"$(SDKROOT)/Developer/Library/Frameworks",
					"$(inherited)",
				);
				GCC_PREPROCESSOR_DEFINITIONS = (
					"DEBUG=1",
					"$(inherited)",
				);
				INFOPLIST_FILE = PostcardTests/Info.plist;
				LD_RUNPATH_SEARCH_PATHS = "$(inherited) @executable_path/Frameworks @loader_path/Frameworks";
				PRODUCT_NAME = "$(TARGET_NAME)";
				TEST_HOST = "$(BUILT_PRODUCTS_DIR)/Postcard.app/Postcard";
			};
			name = Debug;
		};
		CCEC557619FCBF2B000CAB77 /* Release */ = {
			isa = XCBuildConfiguration;
			buildSettings = {
				BUNDLE_LOADER = "$(TEST_HOST)";
				FRAMEWORK_SEARCH_PATHS = (
					"$(SDKROOT)/Developer/Library/Frameworks",
					"$(inherited)",
				);
				INFOPLIST_FILE = PostcardTests/Info.plist;
				LD_RUNPATH_SEARCH_PATHS = "$(inherited) @executable_path/Frameworks @loader_path/Frameworks";
				PRODUCT_NAME = "$(TARGET_NAME)";
				TEST_HOST = "$(BUILT_PRODUCTS_DIR)/Postcard.app/Postcard";
			};
			name = Release;
		};
/* End XCBuildConfiguration section */

/* Begin XCConfigurationList section */
		CCEC554D19FCBF2A000CAB77 /* Build configuration list for PBXProject "Postcard" */ = {
			isa = XCConfigurationList;
			buildConfigurations = (
				CCEC556F19FCBF2B000CAB77 /* Debug */,
				CCEC557019FCBF2B000CAB77 /* Release */,
			);
			defaultConfigurationIsVisible = 0;
			defaultConfigurationName = Release;
		};
		CCEC557119FCBF2B000CAB77 /* Build configuration list for PBXNativeTarget "Postcard" */ = {
			isa = XCConfigurationList;
			buildConfigurations = (
				CCEC557219FCBF2B000CAB77 /* Debug */,
				CCEC557319FCBF2B000CAB77 /* Release */,
			);
			defaultConfigurationIsVisible = 0;
		};
		CCEC557419FCBF2B000CAB77 /* Build configuration list for PBXNativeTarget "PostcardTests" */ = {
			isa = XCConfigurationList;
			buildConfigurations = (
				CCEC557519FCBF2B000CAB77 /* Debug */,
				CCEC557619FCBF2B000CAB77 /* Release */,
			);
			defaultConfigurationIsVisible = 0;
		};
/* End XCConfigurationList section */
	};
	rootObject = CCEC554A19FCBF2A000CAB77 /* Project object */;
}
